
Microsoft Visual Studio Solution File, Format Version 12.00
# Visual Studio 2012
Project("{FAE04EC0-301F-11D3-BF4B-00C04F79EFBC}") = "LabelClick", "LabelClick\LabelClick.csproj", "{552BA0DB-8656-450D-B98A-8675361AA6E6}"
EndProject
Project("{2150E333-8FDC-42A3-9474-1A3956D46DE8}") = "Libs", "Libs", "{B94CB211-386C-4E2F-BDC5-422D797A8578}"
	ProjectSection(SolutionItems) = preProject
		Libs\System.Windows.Interactivity.dll = Libs\System.Windows.Interactivity.dll
	EndProjectSection
EndProject
Global
	GlobalSection(SolutionConfigurationPlatforms) = preSolution
		Debug|Any CPU = Debug|Any CPU
		Release|Any CPU = Release|Any CPU
	EndGlobalSection
	GlobalSection(ProjectConfigurationPlatforms) = postSolution
		{552BA0DB-8656-450D-B98A-8675361AA6E6}.Debug|Any CPU.ActiveCfg = Debug|Any CPU
		{552BA0DB-8656-450D-B98A-8675361AA6E6}.Debug|Any CPU.Build.0 = Debug|Any CPU
		{552BA0DB-8656-450D-B98A-8675361AA6E6}.Release|Any CPU.ActiveCfg = Release|Any CPU
		{552BA0DB-8656-450D-B98A-8675361AA6E6}.Release|Any CPU.Build.0 = Release|Any CPU
	EndGlobalSection
	GlobalSection(SolutionProperties) = preSolution
		HideSolutionNode = FALSE
	EndGlobalSection
EndGlobal
